
Microsoft Visual Studio Solution File, Format Version 12.00
# Visual Studio Version 16
VisualStudioVersion = 16.0.30621.155
MinimumVisualStudioVersion = 10.0.40219.1
Project("{FAE04EC0-301F-11D3-BF4B-00C04F79EFBC}") = "Xamarin_Notes.Android", "Xamarin_Notes\Xamarin_Notes.Android\Xamarin_Notes.Android.csproj", "{16DC9856-4F22-4FAC-8635-F82E73E22616}"
EndProject
Project("{FAE04EC0-301F-11D3-BF4B-00C04F79EFBC}") = "Xamarin_Notes", "Xamarin_Notes\Xamarin_Notes\Xamarin_Notes.csproj", "{F480C134-61C4-4964-916B-A2574AE5B19E}"
EndProject
Global
	GlobalSection(SolutionConfigurationPlatforms) = preSolution
		Debug|Any CPU = Debug|Any CPU
		Release|Any CPU = Release|Any CPU
	EndGlobalSection
	GlobalSection(ProjectConfigurationPlatforms) = postSolution
		{16DC9856-4F22-4FAC-8635-F82E73E22616}.Debug|Any CPU.ActiveCfg = Debug|Any CPU
		{16DC9856-4F22-4FAC-8635-F82E73E22616}.Debug|Any CPU.Build.0 = Debug|Any CPU
		{16DC9856-4F22-4FAC-8635-F82E73E22616}.Debug|Any CPU.Deploy.0 = Debug|Any CPU
		{16DC9856-4F22-4FAC-8635-F82E73E22616}.Release|Any CPU.ActiveCfg = Release|Any CPU
		{16DC9856-4F22-4FAC-8635-F82E73E22616}.Release|Any CPU.Build.0 = Release|Any CPU
		{16DC9856-4F22-4FAC-8635-F82E73E22616}.Release|Any CPU.Deploy.0 = Release|Any CPU
		{F480C134-61C4-4964-916B-A2574AE5B19E}.Debug|Any CPU.ActiveCfg = Debug|Any CPU
		{F480C134-61C4-4964-916B-A2574AE5B19E}.Debug|Any CPU.Build.0 = Debug|Any CPU
		{F480C134-61C4-4964-916B-A2574AE5B19E}.Debug|Any CPU.Deploy.0 = Debug|Any CPU
		{F480C134-61C4-4964-916B-A2574AE5B19E}.Release|Any CPU.ActiveCfg = Release|Any CPU
		{F480C134-61C4-4964-916B-A2574AE5B19E}.Release|Any CPU.Build.0 = Release|Any CPU
		{F480C134-61C4-4964-916B-A2574AE5B19E}.Release|Any CPU.Deploy.0 = Release|Any CPU
	EndGlobalSection
	GlobalSection(SolutionProperties) = preSolution
		HideSolutionNode = FALSE
	EndGlobalSection
	GlobalSection(ExtensibilityGlobals) = postSolution
		SolutionGuid = {DCFA4844-80A7-4742-8953-500E56EAF24F}
	EndGlobalSection
EndGlobal
